
Microsoft Visual Studio Solution File, Format Version 12.00
# Visual Studio 14
VisualStudioVersion = 14.0.25420.1
MinimumVisualStudioVersion = 10.0.40219.1
Project("{FAE04EC0-301F-11D3-BF4B-00C04F79EFBC}") = "Reinforced.Lattice.CaseStudies.GettingItWorking", "Reinforced.Lattice.CaseStudies.GettingItWorking\Reinforced.Lattice.CaseStudies.GettingItWorking.csproj", "{758E493E-189C-42D9-ABF9-AE564839CA47}"
EndProject
Project("{FAE04EC0-301F-11D3-BF4B-00C04F79EFBC}") = "Reinforced.Lattice.CaseStudies.Projections", "Reinforced.Lattice.CaseStudies.Projections\Reinforced.Lattice.CaseStudies.Projections.csproj", "{41BF95B4-89A7-46C8-9B79-CC772B31427C}"
EndProject
Project("{FAE04EC0-301F-11D3-BF4B-00C04F79EFBC}") = "Reinforced.Lattice.CaseStudies.ColumnsOperations", "Reinforced.Lattice.CaseStudies.ColumnsOperations\Reinforced.Lattice.CaseStudies.ColumnsOperations.csproj", "{617157F1-51B1-42AA-98F0-6344A14130F9}"
EndProject
Project("{FAE04EC0-301F-11D3-BF4B-00C04F79EFBC}") = "Reinforced.Lattice.CaseStudies.CellsTemplating", "Reinforced.Lattice.CaseStudies.CellsTemplating\Reinforced.Lattice.CaseStudies.CellsTemplating.csproj", "{0A01FFD3-E132-4A9A-A543-1809B2133C17}"
EndProject
Project("{FAE04EC0-301F-11D3-BF4B-00C04F79EFBC}") = "Reinforced.Lattice.CaseStudies.Partition", "Reinforced.Lattice.CaseStudies.Partition\Reinforced.Lattice.CaseStudies.Partition.csproj", "{0EDDD912-445E-4430-B470-FDFA1A26CE9B}"
EndProject
Project("{FAE04EC0-301F-11D3-BF4B-00C04F79EFBC}") = "Reinforced.Lattice.CaseStudies.Ordering", "Reinforced.Lattice.CaseStudies.Ordering\Reinforced.Lattice.CaseStudies.Ordering.csproj", "{C2864E3D-BAC0-4BEA-B518-1694718827A1}"
EndProject
Project("{FAE04EC0-301F-11D3-BF4B-00C04F79EFBC}") = "Reinforced.Lattice.CaseStudies.Filtering", "Reinforced.Lattice.CaseStudies.Filtering\Reinforced.Lattice.CaseStudies.Filtering.csproj", "{395542F4-235D-4BE4-A1C8-6A42C4C2F4C4}"
EndProject
Project("{FAE04EC0-301F-11D3-BF4B-00C04F79EFBC}") = "Reinforced.Lattice.CaseStudies.Formwatcher", "Reinforced.Lattice.CaseStudies.Formwatcher\Reinforced.Lattice.CaseStudies.Formwatcher.csproj", "{15930AEB-E1A7-4993-AA1D-CBFEF7515F64}"
EndProject
Project("{FAE04EC0-301F-11D3-BF4B-00C04F79EFBC}") = "Reinforced.Lattice.CaseStudies.HideColumns", "Reinforced.Lattice.CaseStudies.HideColumns\Reinforced.Lattice.CaseStudies.HideColumns.csproj", "{1364822B-CFF2-45C8-B8A8-65AF4B0960B8}"
EndProject
Project("{FAE04EC0-301F-11D3-BF4B-00C04F79EFBC}") = "Reinforced.Lattice.CaseStudies.CoreTemplating", "Reinforced.Lattice.CaseStudies.CoreTemplating\Reinforced.Lattice.CaseStudies.CoreTemplating.csproj", "{8722F50E-9081-43DC-B1BD-2F91AC59C7FC}"
EndProject
Global
	GlobalSection(SolutionConfigurationPlatforms) = preSolution
		Debug|Any CPU = Debug|Any CPU
		Release|Any CPU = Release|Any CPU
	EndGlobalSection
	GlobalSection(ProjectConfigurationPlatforms) = postSolution
		{758E493E-189C-42D9-ABF9-AE564839CA47}.Debug|Any CPU.ActiveCfg = Debug|Any CPU
		{758E493E-189C-42D9-ABF9-AE564839CA47}.Debug|Any CPU.Build.0 = Debug|Any CPU
		{758E493E-189C-42D9-ABF9-AE564839CA47}.Release|Any CPU.ActiveCfg = Release|Any CPU
		{758E493E-189C-42D9-ABF9-AE564839CA47}.Release|Any CPU.Build.0 = Release|Any CPU
		{41BF95B4-89A7-46C8-9B79-CC772B31427C}.Debug|Any CPU.ActiveCfg = Debug|Any CPU
		{41BF95B4-89A7-46C8-9B79-CC772B31427C}.Debug|Any CPU.Build.0 = Debug|Any CPU
		{41BF95B4-89A7-46C8-9B79-CC772B31427C}.Release|Any CPU.ActiveCfg = Release|Any CPU
		{41BF95B4-89A7-46C8-9B79-CC772B31427C}.Release|Any CPU.Build.0 = Release|Any CPU
		{617157F1-51B1-42AA-98F0-6344A14130F9}.Debug|Any CPU.ActiveCfg = Debug|Any CPU
		{617157F1-51B1-42AA-98F0-6344A14130F9}.Debug|Any CPU.Build.0 = Debug|Any CPU
		{617157F1-51B1-42AA-98F0-6344A14130F9}.Release|Any CPU.ActiveCfg = Release|Any CPU
		{617157F1-51B1-42AA-98F0-6344A14130F9}.Release|Any CPU.Build.0 = Release|Any CPU
		{0A01FFD3-E132-4A9A-A543-1809B2133C17}.Debug|Any CPU.ActiveCfg = Debug|Any CPU
		{0A01FFD3-E132-4A9A-A543-1809B2133C17}.Debug|Any CPU.Build.0 = Debug|Any CPU
		{0A01FFD3-E132-4A9A-A543-1809B2133C17}.Release|Any CPU.ActiveCfg = Release|Any CPU
		{0A01FFD3-E132-4A9A-A543-1809B2133C17}.Release|Any CPU.Build.0 = Release|Any CPU
		{0EDDD912-445E-4430-B470-FDFA1A26CE9B}.Debug|Any CPU.ActiveCfg = Debug|Any CPU
		{0EDDD912-445E-4430-B470-FDFA1A26CE9B}.Debug|Any CPU.Build.0 = Debug|Any CPU
		{0EDDD912-445E-4430-B470-FDFA1A26CE9B}.Release|Any CPU.ActiveCfg = Release|Any CPU
		{0EDDD912-445E-4430-B470-FDFA1A26CE9B}.Release|Any CPU.Build.0 = Release|Any CPU
		{C2864E3D-BAC0-4BEA-B518-1694718827A1}.Debug|Any CPU.ActiveCfg = Debug|Any CPU
		{C2864E3D-BAC0-4BEA-B518-1694718827A1}.Debug|Any CPU.Build.0 = Debug|Any CPU
		{C2864E3D-BAC0-4BEA-B518-1694718827A1}.Release|Any CPU.ActiveCfg = Release|Any CPU
		{C2864E3D-BAC0-4BEA-B518-1694718827A1}.Release|Any CPU.Build.0 = Release|Any CPU
		{395542F4-235D-4BE4-A1C8-6A42C4C2F4C4}.Debug|Any CPU.ActiveCfg = Debug|Any CPU
		{395542F4-235D-4BE4-A1C8-6A42C4C2F4C4}.Debug|Any CPU.Build.0 = Debug|Any CPU
		{395542F4-235D-4BE4-A1C8-6A42C4C2F4C4}.Release|Any CPU.ActiveCfg = Release|Any CPU
		{395542F4-235D-4BE4-A1C8-6A42C4C2F4C4}.Release|Any CPU.Build.0 = Release|Any CPU
		{15930AEB-E1A7-4993-AA1D-CBFEF7515F64}.Debug|Any CPU.ActiveCfg = Debug|Any CPU
		{15930AEB-E1A7-4993-AA1D-CBFEF7515F64}.Debug|Any CPU.Build.0 = Debug|Any CPU
		{15930AEB-E1A7-4993-AA1D-CBFEF7515F64}.Release|Any CPU.ActiveCfg = Release|Any CPU
		{15930AEB-E1A7-4993-AA1D-CBFEF7515F64}.Release|Any CPU.Build.0 = Release|Any CPU
		{1364822B-CFF2-45C8-B8A8-65AF4B0960B8}.Debug|Any CPU.ActiveCfg = Debug|Any CPU
		{1364822B-CFF2-45C8-B8A8-65AF4B0960B8}.Debug|Any CPU.Build.0 = Debug|Any CPU
		{1364822B-CFF2-45C8-B8A8-65AF4B0960B8}.Release|Any CPU.ActiveCfg = Release|Any CPU
		{1364822B-CFF2-45C8-B8A8-65AF4B0960B8}.Release|Any CPU.Build.0 = Release|Any CPU
		{8722F50E-9081-43DC-B1BD-2F91AC59C7FC}.Debug|Any CPU.ActiveCfg = Debug|Any CPU
		{8722F50E-9081-43DC-B1BD-2F91AC59C7FC}.Debug|Any CPU.Build.0 = Debug|Any CPU
		{8722F50E-9081-43DC-B1BD-2F91AC59C7FC}.Release|Any CPU.ActiveCfg = Release|Any CPU
		{8722F50E-9081-43DC-B1BD-2F91AC59C7FC}.Release|Any CPU.Build.0 = Release|Any CPU
	EndGlobalSection
	GlobalSection(SolutionProperties) = preSolution
		HideSolutionNode = FALSE
	EndGlobalSection
EndGlobal
